
Microsoft Visual Studio Solution File, Format Version 12.00
# Visual Studio Version 17
VisualStudioVersion = 17.11.35312.102
MinimumVisualStudioVersion = 10.0.40219.1
Project("{FAE04EC0-301F-11D3-BF4B-00C04F79EFBC}") = "InfiniteCompendium", "InfiniteCompendium\InfiniteCompendium.csproj", "{2C96B190-A79E-4833-8D48-1FD9CC8D664A}"
EndProject
Global
	GlobalSection(SolutionConfigurationPlatforms) = preSolution
		Debug|Any CPU = Debug|Any CPU
		Release|Any CPU = Release|Any CPU
	EndGlobalSection
	GlobalSection(ProjectConfigurationPlatforms) = postSolution
		{2C96B190-A79E-4833-8D48-1FD9CC8D664A}.Debug|Any CPU.ActiveCfg = Debug|Any CPU
		{2C96B190-A79E-4833-8D48-1FD9CC8D664A}.Debug|Any CPU.Build.0 = Debug|Any CPU
		{2C96B190-A79E-4833-8D48-1FD9CC8D664A}.Release|Any CPU.ActiveCfg = Release|Any CPU
		{2C96B190-A79E-4833-8D48-1FD9CC8D664A}.Release|Any CPU.Build.0 = Release|Any CPU
	EndGlobalSection
	GlobalSection(SolutionProperties) = preSolution
		HideSolutionNode = FALSE
	EndGlobalSection
	GlobalSection(ExtensibilityGlobals) = postSolution
		SolutionGuid = {914E2D3B-864E-442C-B948-03546D98F8D1}
	EndGlobalSection
EndGlobal
